
Microsoft Visual Studio Solution File, Format Version 12.00
# Visual Studio Version 16
VisualStudioVersion = 16.0.31205.134
MinimumVisualStudioVersion = 10.0.40219.1
Project("{FAE04EC0-301F-11D3-BF4B-00C04F79EFBC}") = "Server", "Server\Server.csproj", "{49564733-D00A-455B-8CFC-15255E882364}"
EndProject
Project("{FAE04EC0-301F-11D3-BF4B-00C04F79EFBC}") = "Common", "Common\Common.csproj", "{37315BF4-1FAA-4F5A-AB0C-E8644AC5E642}"
EndProject
Project("{FAE04EC0-301F-11D3-BF4B-00C04F79EFBC}") = "ClientUI", "ClientUI\ClientUI.csproj", "{3271DB7A-3949-4955-B855-77D3BB2D89B8}"
EndProject
Global
	GlobalSection(SolutionConfigurationPlatforms) = preSolution
		Debug|Any CPU = Debug|Any CPU
		Release|Any CPU = Release|Any CPU
	EndGlobalSection
	GlobalSection(ProjectConfigurationPlatforms) = postSolution
		{49564733-D00A-455B-8CFC-15255E882364}.Debug|Any CPU.ActiveCfg = Debug|Any CPU
		{49564733-D00A-455B-8CFC-15255E882364}.Debug|Any CPU.Build.0 = Debug|Any CPU
		{49564733-D00A-455B-8CFC-15255E882364}.Release|Any CPU.ActiveCfg = Release|Any CPU
		{49564733-D00A-455B-8CFC-15255E882364}.Release|Any CPU.Build.0 = Release|Any CPU
		{37315BF4-1FAA-4F5A-AB0C-E8644AC5E642}.Debug|Any CPU.ActiveCfg = Debug|Any CPU
		{37315BF4-1FAA-4F5A-AB0C-E8644AC5E642}.Debug|Any CPU.Build.0 = Debug|Any CPU
		{37315BF4-1FAA-4F5A-AB0C-E8644AC5E642}.Release|Any CPU.ActiveCfg = Release|Any CPU
		{37315BF4-1FAA-4F5A-AB0C-E8644AC5E642}.Release|Any CPU.Build.0 = Release|Any CPU
		{3271DB7A-3949-4955-B855-77D3BB2D89B8}.Debug|Any CPU.ActiveCfg = Debug|Any CPU
		{3271DB7A-3949-4955-B855-77D3BB2D89B8}.Debug|Any CPU.Build.0 = Debug|Any CPU
		{3271DB7A-3949-4955-B855-77D3BB2D89B8}.Release|Any CPU.ActiveCfg = Release|Any CPU
		{3271DB7A-3949-4955-B855-77D3BB2D89B8}.Release|Any CPU.Build.0 = Release|Any CPU
	EndGlobalSection
	GlobalSection(SolutionProperties) = preSolution
		HideSolutionNode = FALSE
	EndGlobalSection
	GlobalSection(ExtensibilityGlobals) = postSolution
		SolutionGuid = {16E00985-690C-4883-A2A2-D8D41AE08D77}
	EndGlobalSection
EndGlobal
